{
  "name": "Syntactic-Constructor-of-Polish-Sentences",
  "lockfileVersion": 3,
  "requires": true,
  "packages": {
    "": {
      "dependencies": {
        "english-verbs-irregular": "^3.4.0"
      }
    },
    "node_modules/english-verbs-irregular": {
      "version": "3.4.0",
      "resolved": "https://registry.npmjs.org/english-verbs-irregular/-/english-verbs-irregular-3.4.0.tgz",
      "integrity": "sha512-Rk0fgdzJ0oqpERPHr6QV2Dp8nnNKO3Si92RWYCe7fgxks8+yEOtUDu0ZBm3AJ6Ccqaa5ZtVh/pndUYdbKkr7xg==",
      "license": "Apache-2.0"
    }
  }
}
